
Microsoft Visual Studio Solution File, Format Version 12.00
# Visual Studio 15
VisualStudioVersion = 15.0.27130.2010
MinimumVisualStudioVersion = 10.0.40219.1
Project("{FAE04EC0-301F-11D3-BF4B-00C04F79EFBC}") = "BAChat", "BAChat\BAChat.csproj", "{87A121EF-DEBC-4979-9326-1A729FC8F489}"
EndProject
Global
	GlobalSection(SolutionConfigurationPlatforms) = preSolution
		Debug|ARM = Debug|ARM
		Debug|x64 = Debug|x64
		Debug|x86 = Debug|x86
		Release|ARM = Release|ARM
		Release|x64 = Release|x64
		Release|x86 = Release|x86
	EndGlobalSection
	GlobalSection(ProjectConfigurationPlatforms) = postSolution
		{87A121EF-DEBC-4979-9326-1A729FC8F489}.Debug|ARM.ActiveCfg = Debug|ARM
		{87A121EF-DEBC-4979-9326-1A729FC8F489}.Debug|ARM.Build.0 = Debug|ARM
		{87A121EF-DEBC-4979-9326-1A729FC8F489}.Debug|ARM.Deploy.0 = Debug|ARM
		{87A121EF-DEBC-4979-9326-1A729FC8F489}.Debug|x64.ActiveCfg = Debug|x64
		{87A121EF-DEBC-4979-9326-1A729FC8F489}.Debug|x64.Build.0 = Debug|x64
		{87A121EF-DEBC-4979-9326-1A729FC8F489}.Debug|x64.Deploy.0 = Debug|x64
		{87A121EF-DEBC-4979-9326-1A729FC8F489}.Debug|x86.ActiveCfg = Debug|x86
		{87A121EF-DEBC-4979-9326-1A729FC8F489}.Debug|x86.Build.0 = Debug|x86
		{87A121EF-DEBC-4979-9326-1A729FC8F489}.Debug|x86.Deploy.0 = Debug|x86
		{87A121EF-DEBC-4979-9326-1A729FC8F489}.Release|ARM.ActiveCfg = Release|ARM
		{87A121EF-DEBC-4979-9326-1A729FC8F489}.Release|ARM.Build.0 = Release|ARM
		{87A121EF-DEBC-4979-9326-1A729FC8F489}.Release|ARM.Deploy.0 = Release|ARM
		{87A121EF-DEBC-4979-9326-1A729FC8F489}.Release|x64.ActiveCfg = Release|x64
		{87A121EF-DEBC-4979-9326-1A729FC8F489}.Release|x64.Build.0 = Release|x64
		{87A121EF-DEBC-4979-9326-1A729FC8F489}.Release|x64.Deploy.0 = Release|x64
		{87A121EF-DEBC-4979-9326-1A729FC8F489}.Release|x86.ActiveCfg = Release|x86
		{87A121EF-DEBC-4979-9326-1A729FC8F489}.Release|x86.Build.0 = Release|x86
		{87A121EF-DEBC-4979-9326-1A729FC8F489}.Release|x86.Deploy.0 = Release|x86
	EndGlobalSection
	GlobalSection(SolutionProperties) = preSolution
		HideSolutionNode = FALSE
	EndGlobalSection
	GlobalSection(ExtensibilityGlobals) = postSolution
		SolutionGuid = {2ADA4CC9-D3B0-477E-9818-116D70A69889}
	EndGlobalSection
EndGlobal
